// !$*UTF8*$!
{
	archiveVersion = 1;
	classes = {
	};
	objectVersion = 56;
	objects = {

/* Begin PBXBuildFile section */
		E3927F372C96B39800661FEB /* AVFoundation.framework in Frameworks */ = {isa = PBXBuildFile; fileRef = E3927F362C96B39800661FEB /* AVFoundation.framework */; };
		E3927F3A2C96C7A500661FEB /* Info.plist in Resources */ = {isa = PBXBuildFile; fileRef = E3927F382C96B3C500661FEB /* Info.plist */; };
		E3927F3D2C96CC5C00661FEB /* SettingsStore.swift in Sources */ = {isa = PBXBuildFile; fileRef = E3927F3C2C96CC5C00661FEB /* SettingsStore.swift */; };
		E3927F3F2C96E11000661FEB /* AppDelegateHelpers.swift in Sources */ = {isa = PBXBuildFile; fileRef = E3927F3E2C96E11000661FEB /* AppDelegateHelpers.swift */; };
		E3927F422C97240200661FEB /* Logger.swift in Sources */ = {isa = PBXBuildFile; fileRef = E3927F412C97240200661FEB /* Logger.swift */; };
		E3927F442C97270B00661FEB /* LogViewerWindow.swift in Sources */ = {isa = PBXBuildFile; fileRef = E3927F432C97270B00661FEB /* LogViewerWindow.swift */; };
		E3927F462C98035F00661FEB /* SpotlightChatView.swift in Sources */ = {isa = PBXBuildFile; fileRef = E3927F452C98035F00661FEB /* SpotlightChatView.swift */; };
		E3970C632C96A06700E3689D /* WhispeAnywhereApp.swift in Sources */ = {isa = PBXBuildFile; fileRef = E3970C622C96A06700E3689D /* WhispeAnywhereApp.swift */; };
		E3970C652C96A06700E3689D /* ContentView.swift in Sources */ = {isa = PBXBuildFile; fileRef = E3970C642C96A06700E3689D /* ContentView.swift */; };
		E3970C672C96A06800E3689D /* Assets.xcassets in Resources */ = {isa = PBXBuildFile; fileRef = E3970C662C96A06800E3689D /* Assets.xcassets */; };
		E3970C6A2C96A06800E3689D /* Preview Assets.xcassets in Resources */ = {isa = PBXBuildFile; fileRef = E3970C692C96A06800E3689D /* Preview Assets.xcassets */; };
		E3970C722C96A0F500E3689D /* AppDelegate.swift in Sources */ = {isa = PBXBuildFile; fileRef = E3970C712C96A0F500E3689D /* AppDelegate.swift */; };
		E3970C742C96A10200E3689D /* StatusBarController.swift in Sources */ = {isa = PBXBuildFile; fileRef = E3970C732C96A10200E3689D /* StatusBarController.swift */; };
		E3970C762C96A10F00E3689D /* SettingsView.swift in Sources */ = {isa = PBXBuildFile; fileRef = E3970C752C96A10F00E3689D /* SettingsView.swift */; };
		E3970C782C96A11800E3689D /* AudioRecorder.swift in Sources */ = {isa = PBXBuildFile; fileRef = E3970C772C96A11800E3689D /* AudioRecorder.swift */; };
		E3970C7A2C96A12100E3689D /* OverlayWindow.swift in Sources */ = {isa = PBXBuildFile; fileRef = E3970C792C96A12100E3689D /* OverlayWindow.swift */; };
		E3970C7C2C96A12C00E3689D /* HotkeyManager.swift in Sources */ = {isa = PBXBuildFile; fileRef = E3970C7B2C96A12C00E3689D /* HotkeyManager.swift */; };
		E3970C7E2C96A13700E3689D /* GroqAPI.swift in Sources */ = {isa = PBXBuildFile; fileRef = E3970C7D2C96A13700E3689D /* GroqAPI.swift */; };
		E3970C802C96A52200E3689D /* ClipboardManager.swift in Sources */ = {isa = PBXBuildFile; fileRef = E3970C7F2C96A52200E3689D /* ClipboardManager.swift */; };
/* End PBXBuildFile section */

/* Begin PBXFileReference section */
		E3927F362C96B39800661FEB /* AVFoundation.framework */ = {isa = PBXFileReference; lastKnownFileType = wrapper.framework; name = AVFoundation.framework; path = System/Library/Frameworks/AVFoundation.framework; sourceTree = SDKROOT; };
		E3927F382C96B3C500661FEB /* Info.plist */ = {isa = PBXFileReference; lastKnownFileType = text.plist.xml; path = Info.plist; sourceTree = "<group>"; };
		E3927F3C2C96CC5C00661FEB /* SettingsStore.swift */ = {isa = PBXFileReference; lastKnownFileType = sourcecode.swift; path = SettingsStore.swift; sourceTree = "<group>"; };
		E3927F3E2C96E11000661FEB /* AppDelegateHelpers.swift */ = {isa = PBXFileReference; lastKnownFileType = sourcecode.swift; path = AppDelegateHelpers.swift; sourceTree = "<group>"; };
		E3927F412C97240200661FEB /* Logger.swift */ = {isa = PBXFileReference; lastKnownFileType = sourcecode.swift; path = Logger.swift; sourceTree = "<group>"; };
		E3927F432C97270B00661FEB /* LogViewerWindow.swift */ = {isa = PBXFileReference; lastKnownFileType = sourcecode.swift; path = LogViewerWindow.swift; sourceTree = "<group>"; };
		E3927F452C98035F00661FEB /* SpotlightChatView.swift */ = {isa = PBXFileReference; lastKnownFileType = sourcecode.swift; path = SpotlightChatView.swift; sourceTree = "<group>"; };
		E3970C5F2C96A06700E3689D /* WhispeAnywhere.app */ = {isa = PBXFileReference; explicitFileType = wrapper.application; includeInIndex = 0; path = WhispeAnywhere.app; sourceTree = BUILT_PRODUCTS_DIR; };
		E3970C622C96A06700E3689D /* WhispeAnywhereApp.swift */ = {isa = PBXFileReference; lastKnownFileType = sourcecode.swift; path = WhispeAnywhereApp.swift; sourceTree = "<group>"; };
		E3970C642C96A06700E3689D /* ContentView.swift */ = {isa = PBXFileReference; lastKnownFileType = sourcecode.swift; path = ContentView.swift; sourceTree = "<group>"; };
		E3970C662C96A06800E3689D /* Assets.xcassets */ = {isa = PBXFileReference; lastKnownFileType = folder.assetcatalog; path = Assets.xcassets; sourceTree = "<group>"; };
		E3970C692C96A06800E3689D /* Preview Assets.xcassets */ = {isa = PBXFileReference; lastKnownFileType = folder.assetcatalog; path = "Preview Assets.xcassets"; sourceTree = "<group>"; };
		E3970C6B2C96A06800E3689D /* WhispeAnywhere.entitlements */ = {isa = PBXFileReference; lastKnownFileType = text.plist.entitlements; path = WhispeAnywhere.entitlements; sourceTree = "<group>"; };
		E3970C712C96A0F500E3689D /* AppDelegate.swift */ = {isa = PBXFileReference; lastKnownFileType = sourcecode.swift; path = AppDelegate.swift; sourceTree = "<group>"; };
		E3970C732C96A10200E3689D /* StatusBarController.swift */ = {isa = PBXFileReference; lastKnownFileType = sourcecode.swift; path = StatusBarController.swift; sourceTree = "<group>"; };
		E3970C752C96A10F00E3689D /* SettingsView.swift */ = {isa = PBXFileReference; lastKnownFileType = sourcecode.swift; path = SettingsView.swift; sourceTree = "<group>"; };
		E3970C772C96A11800E3689D /* AudioRecorder.swift */ = {isa = PBXFileReference; lastKnownFileType = sourcecode.swift; path = AudioRecorder.swift; sourceTree = "<group>"; };
		E3970C792C96A12100E3689D /* OverlayWindow.swift */ = {isa = PBXFileReference; lastKnownFileType = sourcecode.swift; path = OverlayWindow.swift; sourceTree = "<group>"; };
		E3970C7B2C96A12C00E3689D /* HotkeyManager.swift */ = {isa = PBXFileReference; lastKnownFileType = sourcecode.swift; path = HotkeyManager.swift; sourceTree = "<group>"; };
		E3970C7D2C96A13700E3689D /* GroqAPI.swift */ = {isa = PBXFileReference; lastKnownFileType = sourcecode.swift; path = GroqAPI.swift; sourceTree = "<group>"; };
		E3970C7F2C96A52200E3689D /* ClipboardManager.swift */ = {isa = PBXFileReference; lastKnownFileType = sourcecode.swift; path = ClipboardManager.swift; sourceTree = "<group>"; };
/* End PBXFileReference section */

/* Begin PBXFrameworksBuildPhase section */
		E3970C5C2C96A06700E3689D /* Frameworks */ = {
			isa = PBXFrameworksBuildPhase;
			buildActionMask = 2147483647;
			files = (
				E3927F372C96B39800661FEB /* AVFoundation.framework in Frameworks */,
			);
			runOnlyForDeploymentPostprocessing = 0;
		};
/* End PBXFrameworksBuildPhase section */

/* Begin PBXGroup section */
		E3927F352C96B39800661FEB /* Frameworks */ = {
			isa = PBXGroup;
			children = (
				E3927F362C96B39800661FEB /* AVFoundation.framework */,
			);
			name = Frameworks;
			sourceTree = "<group>";
		};
		E3970C562C96A06700E3689D = {
			isa = PBXGroup;
			children = (
				E3970C612C96A06700E3689D /* WhispeAnywhere */,
				E3970C602C96A06700E3689D /* Products */,
				E3927F352C96B39800661FEB /* Frameworks */,
			);
			sourceTree = "<group>";
		};
		E3970C602C96A06700E3689D /* Products */ = {
			isa = PBXGroup;
			children = (
				E3970C5F2C96A06700E3689D /* WhispeAnywhere.app */,
			);
			name = Products;
			sourceTree = "<group>";
		};
		E3970C612C96A06700E3689D /* WhispeAnywhere */ = {
			isa = PBXGroup;
			children = (
				E3970C622C96A06700E3689D /* WhispeAnywhereApp.swift */,
				E3970C642C96A06700E3689D /* ContentView.swift */,
				E3970C662C96A06800E3689D /* Assets.xcassets */,
				E3970C6B2C96A06800E3689D /* WhispeAnywhere.entitlements */,
				E3970C682C96A06800E3689D /* Preview Content */,
				E3970C712C96A0F500E3689D /* AppDelegate.swift */,
				E3970C732C96A10200E3689D /* StatusBarController.swift */,
				E3970C752C96A10F00E3689D /* SettingsView.swift */,
				E3970C792C96A12100E3689D /* OverlayWindow.swift */,
				E3970C772C96A11800E3689D /* AudioRecorder.swift */,
				E3970C7B2C96A12C00E3689D /* HotkeyManager.swift */,
				E3970C7D2C96A13700E3689D /* GroqAPI.swift */,
				E3970C7F2C96A52200E3689D /* ClipboardManager.swift */,
				E3927F382C96B3C500661FEB /* Info.plist */,
				E3927F3C2C96CC5C00661FEB /* SettingsStore.swift */,
				E3927F3E2C96E11000661FEB /* AppDelegateHelpers.swift */,
				E3927F412C97240200661FEB /* Logger.swift */,
				E3927F432C97270B00661FEB /* LogViewerWindow.swift */,
				E3927F452C98035F00661FEB /* SpotlightChatView.swift */,
			);
			path = WhispeAnywhere;
			sourceTree = "<group>";
		};
		E3970C682C96A06800E3689D /* Preview Content */ = {
			isa = PBXGroup;
			children = (
				E3970C692C96A06800E3689D /* Preview Assets.xcassets */,
			);
			path = "Preview Content";
			sourceTree = "<group>";
		};
/* End PBXGroup section */

/* Begin PBXNativeTarget section */
		E3970C5E2C96A06700E3689D /* WhispeAnywhere */ = {
			isa = PBXNativeTarget;
			buildConfigurationList = E3970C6E2C96A06800E3689D /* Build configuration list for PBXNativeTarget "WhispeAnywhere" */;
			buildPhases = (
				E3970C5B2C96A06700E3689D /* Sources */,
				E3970C5C2C96A06700E3689D /* Frameworks */,
				E3970C5D2C96A06700E3689D /* Resources */,
			);
			buildRules = (
			);
			dependencies = (
			);
			name = WhispeAnywhere;
			productName = WhispeAnywhere;
			productReference = E3970C5F2C96A06700E3689D /* WhispeAnywhere.app */;
			productType = "com.apple.product-type.application";
		};
/* End PBXNativeTarget section */

/* Begin PBXProject section */
		E3970C572C96A06700E3689D /* Project object */ = {
			isa = PBXProject;
			attributes = {
				BuildIndependentTargetsInParallel = 1;
				LastSwiftUpdateCheck = 1540;
				LastUpgradeCheck = 1540;
				TargetAttributes = {
					E3970C5E2C96A06700E3689D = {
						CreatedOnToolsVersion = 15.4;
					};
				};
			};
			buildConfigurationList = E3970C5A2C96A06700E3689D /* Build configuration list for PBXProject "WhispeAnywhere" */;
			compatibilityVersion = "Xcode 14.0";
			developmentRegion = en;
			hasScannedForEncodings = 0;
			knownRegions = (
				en,
				Base,
			);
			mainGroup = E3970C562C96A06700E3689D;
			productRefGroup = E3970C602C96A06700E3689D /* Products */;
			projectDirPath = "";
			projectRoot = "";
			targets = (
				E3970C5E2C96A06700E3689D /* WhispeAnywhere */,
			);
		};
/* End PBXProject section */

/* Begin PBXResourcesBuildPhase section */
		E3970C5D2C96A06700E3689D /* Resources */ = {
			isa = PBXResourcesBuildPhase;
			buildActionMask = 2147483647;
			files = (
				E3927F3A2C96C7A500661FEB /* Info.plist in Resources */,
				E3970C6A2C96A06800E3689D /* Preview Assets.xcassets in Resources */,
				E3970C672C96A06800E3689D /* Assets.xcassets in Resources */,
			);
			runOnlyForDeploymentPostprocessing = 0;
		};
/* End PBXResourcesBuildPhase section */

/* Begin PBXSourcesBuildPhase section */
		E3970C5B2C96A06700E3689D /* Sources */ = {
			isa = PBXSourcesBuildPhase;
			buildActionMask = 2147483647;
			files = (
				E3970C802C96A52200E3689D /* ClipboardManager.swift in Sources */,
				E3970C782C96A11800E3689D /* AudioRecorder.swift in Sources */,
				E3927F3F2C96E11000661FEB /* AppDelegateHelpers.swift in Sources */,
				E3970C7A2C96A12100E3689D /* OverlayWindow.swift in Sources */,
				E3927F442C97270B00661FEB /* LogViewerWindow.swift in Sources */,
				E3970C7E2C96A13700E3689D /* GroqAPI.swift in Sources */,
				E3970C762C96A10F00E3689D /* SettingsView.swift in Sources */,
				E3970C652C96A06700E3689D /* ContentView.swift in Sources */,
				E3927F462C98035F00661FEB /* SpotlightChatView.swift in Sources */,
				E3970C742C96A10200E3689D /* StatusBarController.swift in Sources */,
				E3970C7C2C96A12C00E3689D /* HotkeyManager.swift in Sources */,
				E3927F422C97240200661FEB /* Logger.swift in Sources */,
				E3970C722C96A0F500E3689D /* AppDelegate.swift in Sources */,
				E3970C632C96A06700E3689D /* WhispeAnywhereApp.swift in Sources */,
				E3927F3D2C96CC5C00661FEB /* SettingsStore.swift in Sources */,
			);
			runOnlyForDeploymentPostprocessing = 0;
		};
/* End PBXSourcesBuildPhase section */

/* Begin XCBuildConfiguration section */
		E3970C6C2C96A06800E3689D /* Debug */ = {
			isa = XCBuildConfiguration;
			buildSettings = {
				ALWAYS_SEARCH_USER_PATHS = NO;
				ASSETCATALOG_COMPILER_GENERATE_SWIFT_ASSET_SYMBOL_EXTENSIONS = YES;
				CLANG_ANALYZER_NONNULL = YES;
				CLANG_ANALYZER_NUMBER_OBJECT_CONVERSION = YES_AGGRESSIVE;
				CLANG_CXX_LANGUAGE_STANDARD = "gnu++20";
				CLANG_ENABLE_MODULES = YES;
				CLANG_ENABLE_OBJC_ARC = YES;
				CLANG_ENABLE_OBJC_WEAK = YES;
				CLANG_WARN_BLOCK_CAPTURE_AUTORELEASING = YES;
				CLANG_WARN_BOOL_CONVERSION = YES;
				CLANG_WARN_COMMA = YES;
				CLANG_WARN_CONSTANT_CONVERSION = YES;
				CLANG_WARN_DEPRECATED_OBJC_IMPLEMENTATIONS = YES;
				CLANG_WARN_DIRECT_OBJC_ISA_USAGE = YES_ERROR;
				CLANG_WARN_DOCUMENTATION_COMMENTS = YES;
				CLANG_WARN_EMPTY_BODY = YES;
				CLANG_WARN_ENUM_CONVERSION = YES;
				CLANG_WARN_INFINITE_RECURSION = YES;
				CLANG_WARN_INT_CONVERSION = YES;
				CLANG_WARN_NON_LITERAL_NULL_CONVERSION = YES;
				CLANG_WARN_OBJC_IMPLICIT_RETAIN_SELF = YES;
				CLANG_WARN_OBJC_LITERAL_CONVERSION = YES;
				CLANG_WARN_OBJC_ROOT_CLASS = YES_ERROR;
				CLANG_WARN_QUOTED_INCLUDE_IN_FRAMEWORK_HEADER = YES;
				CLANG_WARN_RANGE_LOOP_ANALYSIS = YES;
				CLANG_WARN_STRICT_PROTOTYPES = YES;
				CLANG_WARN_SUSPICIOUS_MOVE = YES;
				CLANG_WARN_UNGUARDED_AVAILABILITY = YES_AGGRESSIVE;
				CLANG_WARN_UNREACHABLE_CODE = YES;
				CLANG_WARN__DUPLICATE_METHOD_MATCH = YES;
				COPY_PHASE_STRIP = NO;
				DEBUG_INFORMATION_FORMAT = dwarf;
				ENABLE_STRICT_OBJC_MSGSEND = YES;
				ENABLE_TESTABILITY = YES;
				ENABLE_USER_SCRIPT_SANDBOXING = YES;
				GCC_C_LANGUAGE_STANDARD = gnu17;
				GCC_DYNAMIC_NO_PIC = NO;
				GCC_NO_COMMON_BLOCKS = YES;
				GCC_OPTIMIZATION_LEVEL = 0;
				GCC_PREPROCESSOR_DEFINITIONS = (
					"DEBUG=1",
					"$(inherited)",
				);
				GCC_WARN_64_TO_32_BIT_CONVERSION = YES;
				GCC_WARN_ABOUT_RETURN_TYPE = YES_ERROR;
				GCC_WARN_UNDECLARED_SELECTOR = YES;
				GCC_WARN_UNINITIALIZED_AUTOS = YES_AGGRESSIVE;
				GCC_WARN_UNUSED_FUNCTION = YES;
				GCC_WARN_UNUSED_VARIABLE = YES;
				LOCALIZATION_PREFERS_STRING_CATALOGS = YES;
				MACOSX_DEPLOYMENT_TARGET = 14.5;
				MTL_ENABLE_DEBUG_INFO = INCLUDE_SOURCE;
				MTL_FAST_MATH = YES;
				ONLY_ACTIVE_ARCH = YES;
				SDKROOT = macosx;
				SWIFT_ACTIVE_COMPILATION_CONDITIONS = "DEBUG $(inherited)";
				SWIFT_OPTIMIZATION_LEVEL = "-Onone";
			};
			name = Debug;
		};
		E3970C6D2C96A06800E3689D /* Release */ = {
			isa = XCBuildConfiguration;
			buildSettings = {
				ALWAYS_SEARCH_USER_PATHS = NO;
				ASSETCATALOG_COMPILER_GENERATE_SWIFT_ASSET_SYMBOL_EXTENSIONS = YES;
				CLANG_ANALYZER_NONNULL = YES;
				CLANG_ANALYZER_NUMBER_OBJECT_CONVERSION = YES_AGGRESSIVE;
				CLANG_CXX_LANGUAGE_STANDARD = "gnu++20";
				CLANG_ENABLE_MODULES = YES;
				CLANG_ENABLE_OBJC_ARC = YES;
				CLANG_ENABLE_OBJC_WEAK = YES;
				CLANG_WARN_BLOCK_CAPTURE_AUTORELEASING = YES;
				CLANG_WARN_BOOL_CONVERSION = YES;
				CLANG_WARN_COMMA = YES;
				CLANG_WARN_CONSTANT_CONVERSION = YES;
				CLANG_WARN_DEPRECATED_OBJC_IMPLEMENTATIONS = YES;
				CLANG_WARN_DIRECT_OBJC_ISA_USAGE = YES_ERROR;
				CLANG_WARN_DOCUMENTATION_COMMENTS = YES;
				CLANG_WARN_EMPTY_BODY = YES;
				CLANG_WARN_ENUM_CONVERSION = YES;
				CLANG_WARN_INFINITE_RECURSION = YES;
				CLANG_WARN_INT_CONVERSION = YES;
				CLANG_WARN_NON_LITERAL_NULL_CONVERSION = YES;
				CLANG_WARN_OBJC_IMPLICIT_RETAIN_SELF = YES;
				CLANG_WARN_OBJC_LITERAL_CONVERSION = YES;
				CLANG_WARN_OBJC_ROOT_CLASS = YES_ERROR;
				CLANG_WARN_QUOTED_INCLUDE_IN_FRAMEWORK_HEADER = YES;
				CLANG_WARN_RANGE_LOOP_ANALYSIS = YES;
				CLANG_WARN_STRICT_PROTOTYPES = YES;
				CLANG_WARN_SUSPICIOUS_MOVE = YES;
				CLANG_WARN_UNGUARDED_AVAILABILITY = YES_AGGRESSIVE;
				CLANG_WARN_UNREACHABLE_CODE = YES;
				CLANG_WARN__DUPLICATE_METHOD_MATCH = YES;
				COPY_PHASE_STRIP = NO;
				DEBUG_INFORMATION_FORMAT = "dwarf-with-dsym";
				ENABLE_NS_ASSERTIONS = NO;
				ENABLE_STRICT_OBJC_MSGSEND = YES;
				ENABLE_USER_SCRIPT_SANDBOXING = YES;
				GCC_C_LANGUAGE_STANDARD = gnu17;
				GCC_NO_COMMON_BLOCKS = YES;
				GCC_WARN_64_TO_32_BIT_CONVERSION = YES;
				GCC_WARN_ABOUT_RETURN_TYPE = YES_ERROR;
				GCC_WARN_UNDECLARED_SELECTOR = YES;
				GCC_WARN_UNINITIALIZED_AUTOS = YES_AGGRESSIVE;
				GCC_WARN_UNUSED_FUNCTION = YES;
				GCC_WARN_UNUSED_VARIABLE = YES;
				LOCALIZATION_PREFERS_STRING_CATALOGS = YES;
				MACOSX_DEPLOYMENT_TARGET = 14.5;
				MTL_ENABLE_DEBUG_INFO = NO;
				MTL_FAST_MATH = YES;
				SDKROOT = macosx;
				SWIFT_COMPILATION_MODE = wholemodule;
			};
			name = Release;
		};
		E3970C6F2C96A06800E3689D /* Debug */ = {
			isa = XCBuildConfiguration;
			buildSettings = {
				ASSETCATALOG_COMPILER_APPICON_NAME = AppIcon;
				ASSETCATALOG_COMPILER_GLOBAL_ACCENT_COLOR_NAME = AccentColor;
				CODE_SIGN_ENTITLEMENTS = WhispeAnywhere/WhispeAnywhere.entitlements;
				CODE_SIGN_STYLE = Automatic;
				COMBINE_HIDPI_IMAGES = YES;
				CURRENT_PROJECT_VERSION = 1;
				DEVELOPMENT_ASSET_PATHS = "\"WhispeAnywhere/Preview Content\"";
				DEVELOPMENT_TEAM = TPP52TWEWR;
				ENABLE_HARDENED_RUNTIME = YES;
				ENABLE_PREVIEWS = YES;
				GENERATE_INFOPLIST_FILE = YES;
				INFOPLIST_FILE = /Users/unclecode/devs/whisperanywhere/WhispeAnywhere/WhispeAnywhere/info.plist;
				INFOPLIST_KEY_NSHumanReadableCopyright = "";
				LD_RUNPATH_SEARCH_PATHS = (
					"$(inherited)",
					"@executable_path/../Frameworks",
				);
				MACOSX_DEPLOYMENT_TARGET = 14.5;
				MARKETING_VERSION = 1.0;
				PRODUCT_BUNDLE_IDENTIFIER = com.unclecode.WhispeAnywhere;
				PRODUCT_NAME = "$(TARGET_NAME)";
				SWIFT_EMIT_LOC_STRINGS = YES;
				SWIFT_VERSION = 5.0;
			};
			name = Debug;
		};
		E3970C702C96A06800E3689D /* Release */ = {
			isa = XCBuildConfiguration;
			buildSettings = {
				ASSETCATALOG_COMPILER_APPICON_NAME = AppIcon;
				ASSETCATALOG_COMPILER_GLOBAL_ACCENT_COLOR_NAME = AccentColor;
				CODE_SIGN_ENTITLEMENTS = WhispeAnywhere/WhispeAnywhere.entitlements;
				CODE_SIGN_STYLE = Automatic;
				COMBINE_HIDPI_IMAGES = YES;
				CURRENT_PROJECT_VERSION = 1;
				DEVELOPMENT_ASSET_PATHS = "\"WhispeAnywhere/Preview Content\"";
				DEVELOPMENT_TEAM = TPP52TWEWR;
				ENABLE_HARDENED_RUNTIME = YES;
				ENABLE_PREVIEWS = YES;
				GENERATE_INFOPLIST_FILE = YES;
				INFOPLIST_FILE = /Users/unclecode/devs/whisperanywhere/WhispeAnywhere/WhispeAnywhere/info.plist;
				INFOPLIST_KEY_NSHumanReadableCopyright = "";
				LD_RUNPATH_SEARCH_PATHS = (
					"$(inherited)",
					"@executable_path/../Frameworks",
				);
				MACOSX_DEPLOYMENT_TARGET = 14.5;
				MARKETING_VERSION = 1.0;
				PRODUCT_BUNDLE_IDENTIFIER = com.unclecode.WhispeAnywhere;
				PRODUCT_NAME = "$(TARGET_NAME)";
				SWIFT_EMIT_LOC_STRINGS = YES;
				SWIFT_VERSION = 5.0;
			};
			name = Release;
		};
/* End XCBuildConfiguration section */

/* Begin XCConfigurationList section */
		E3970C5A2C96A06700E3689D /* Build configuration list for PBXProject "WhispeAnywhere" */ = {
			isa = XCConfigurationList;
			buildConfigurations = (
				E3970C6C2C96A06800E3689D /* Debug */,
				E3970C6D2C96A06800E3689D /* Release */,
			);
			defaultConfigurationIsVisible = 0;
			defaultConfigurationName = Release;
		};
		E3970C6E2C96A06800E3689D /* Build configuration list for PBXNativeTarget "WhispeAnywhere" */ = {
			isa = XCConfigurationList;
			buildConfigurations = (
				E3970C6F2C96A06800E3689D /* Debug */,
				E3970C702C96A06800E3689D /* Release */,
			);
			defaultConfigurationIsVisible = 0;
			defaultConfigurationName = Release;
		};
/* End XCConfigurationList section */
	};
	rootObject = E3970C572C96A06700E3689D /* Project object */;
}
